
Microsoft Visual Studio Solution File, Format Version 12.00
# Visual Studio Version 17
VisualStudioVersion = 17.6.33829.357
MinimumVisualStudioVersion = 10.0.40219.1
Project("{FAE04EC0-301F-11D3-BF4B-00C04F79EFBC}") = "StudyingMethod10", "StudyingMethod10\StudyingMethod10.csproj", "{0F22E6C7-5E43-4649-9548-5000862090C6}"
EndProject
Global
	GlobalSection(SolutionConfigurationPlatforms) = preSolution
		Debug|Any CPU = Debug|Any CPU
		Release|Any CPU = Release|Any CPU
	EndGlobalSection
	GlobalSection(ProjectConfigurationPlatforms) = postSolution
		{0F22E6C7-5E43-4649-9548-5000862090C6}.Debug|Any CPU.ActiveCfg = Debug|Any CPU
		{0F22E6C7-5E43-4649-9548-5000862090C6}.Debug|Any CPU.Build.0 = Debug|Any CPU
		{0F22E6C7-5E43-4649-9548-5000862090C6}.Release|Any CPU.ActiveCfg = Release|Any CPU
		{0F22E6C7-5E43-4649-9548-5000862090C6}.Release|Any CPU.Build.0 = Release|Any CPU
	EndGlobalSection
	GlobalSection(SolutionProperties) = preSolution
		HideSolutionNode = FALSE
	EndGlobalSection
	GlobalSection(ExtensibilityGlobals) = postSolution
		SolutionGuid = {92FBDEA1-524D-4C7C-92E2-69B39CD76451}
	EndGlobalSection
EndGlobal
